
Microsoft Visual Studio Solution File, Format Version 12.00
# Visual Studio Version 17
VisualStudioVersion = 17.5.33424.131
MinimumVisualStudioVersion = 10.0.40219.1
Project("{FAE04EC0-301F-11D3-BF4B-00C04F79EFBC}") = "Bookcard", "Bookcard\Bookcard.csproj", "{7CCEEC14-B73B-4BE8-833B-3DA14F190AB2}"
EndProject
Global
	GlobalSection(SolutionConfigurationPlatforms) = preSolution
		Debug|Any CPU = Debug|Any CPU
		Release|Any CPU = Release|Any CPU
	EndGlobalSection
	GlobalSection(ProjectConfigurationPlatforms) = postSolution
		{7CCEEC14-B73B-4BE8-833B-3DA14F190AB2}.Debug|Any CPU.ActiveCfg = Debug|Any CPU
		{7CCEEC14-B73B-4BE8-833B-3DA14F190AB2}.Debug|Any CPU.Build.0 = Debug|Any CPU
		{7CCEEC14-B73B-4BE8-833B-3DA14F190AB2}.Release|Any CPU.ActiveCfg = Release|Any CPU
		{7CCEEC14-B73B-4BE8-833B-3DA14F190AB2}.Release|Any CPU.Build.0 = Release|Any CPU
	EndGlobalSection
	GlobalSection(SolutionProperties) = preSolution
		HideSolutionNode = FALSE
	EndGlobalSection
	GlobalSection(ExtensibilityGlobals) = postSolution
		SolutionGuid = {D28F76A9-C9DB-46AE-ADCF-4FCBA21DAC5D}
	EndGlobalSection
EndGlobal
